
Microsoft Visual Studio Solution File, Format Version 12.00
# Visual Studio 2013
VisualStudioVersion = 12.0.31101.0
MinimumVisualStudioVersion = 10.0.40219.1
Project("{FAE04EC0-301F-11D3-BF4B-00C04F79EFBC}") = "NJsonSchema", "NJsonSchema\NJsonSchema.csproj", "{7B7A2E32-E808-4A19-98B1-37E766580F8C}"
EndProject
Project("{FAE04EC0-301F-11D3-BF4B-00C04F79EFBC}") = "NJsonSchema.Tests", "NJsonSchema.Tests\NJsonSchema.Tests.csproj", "{4F0A74F2-54BE-4747-8EDB-562ABB6E0B64}"
EndProject
Project("{2150E333-8FDC-42A3-9474-1A3956D46DE8}") = "Solution Items", "Solution Items", "{E66DF721-CEA3-4EA1-8C14-A78D0C92853F}"
	ProjectSection(SolutionItems) = preProject
		NJsonSchema\NJsonSchema.nuspec = NJsonSchema\NJsonSchema.nuspec
	EndProjectSection
EndProject
Project("{FAE04EC0-301F-11D3-BF4B-00C04F79EFBC}") = "NJsonSchema.Demo", "NJsonSchema.Demo\NJsonSchema.Demo.csproj", "{3B2362AC-B75C-4EE5-9AB8-EDC3F5419970}"
EndProject
Project("{FAE04EC0-301F-11D3-BF4B-00C04F79EFBC}") = "NJsonSchema.CodeGeneration.Tests", "NJsonSchema.CodeGeneration.Tests\NJsonSchema.CodeGeneration.Tests.csproj", "{A828E1D0-2D2C-45F7-B4E7-D466BA4156B6}"
EndProject
Project("{FAE04EC0-301F-11D3-BF4B-00C04F79EFBC}") = "NJsonSchema.CodeGeneration", "NJsonSchema.CodeGeneration\NJsonSchema.CodeGeneration.csproj", "{8A463FA0-DAAF-483C-813E-AE9C6153CBF7}"
EndProject
Global
	GlobalSection(SolutionConfigurationPlatforms) = preSolution
		Debug|Any CPU = Debug|Any CPU
		Debug|ARM = Debug|ARM
		Debug|x64 = Debug|x64
		Debug|x86 = Debug|x86
		Release|Any CPU = Release|Any CPU
		Release|ARM = Release|ARM
		Release|x64 = Release|x64
		Release|x86 = Release|x86
	EndGlobalSection
	GlobalSection(ProjectConfigurationPlatforms) = postSolution
		{7B7A2E32-E808-4A19-98B1-37E766580F8C}.Debug|Any CPU.ActiveCfg = Debug|Any CPU
		{7B7A2E32-E808-4A19-98B1-37E766580F8C}.Debug|Any CPU.Build.0 = Debug|Any CPU
		{7B7A2E32-E808-4A19-98B1-37E766580F8C}.Debug|ARM.ActiveCfg = Debug|Any CPU
		{7B7A2E32-E808-4A19-98B1-37E766580F8C}.Debug|x64.ActiveCfg = Debug|Any CPU
		{7B7A2E32-E808-4A19-98B1-37E766580F8C}.Debug|x86.ActiveCfg = Debug|Any CPU
		{7B7A2E32-E808-4A19-98B1-37E766580F8C}.Release|Any CPU.ActiveCfg = Release|Any CPU
		{7B7A2E32-E808-4A19-98B1-37E766580F8C}.Release|Any CPU.Build.0 = Release|Any CPU
		{7B7A2E32-E808-4A19-98B1-37E766580F8C}.Release|ARM.ActiveCfg = Release|Any CPU
		{7B7A2E32-E808-4A19-98B1-37E766580F8C}.Release|x64.ActiveCfg = Release|Any CPU
		{7B7A2E32-E808-4A19-98B1-37E766580F8C}.Release|x86.ActiveCfg = Release|Any CPU
		{4F0A74F2-54BE-4747-8EDB-562ABB6E0B64}.Debug|Any CPU.ActiveCfg = Debug|Any CPU
		{4F0A74F2-54BE-4747-8EDB-562ABB6E0B64}.Debug|Any CPU.Build.0 = Debug|Any CPU
		{4F0A74F2-54BE-4747-8EDB-562ABB6E0B64}.Debug|ARM.ActiveCfg = Debug|Any CPU
		{4F0A74F2-54BE-4747-8EDB-562ABB6E0B64}.Debug|x64.ActiveCfg = Debug|Any CPU
		{4F0A74F2-54BE-4747-8EDB-562ABB6E0B64}.Debug|x86.ActiveCfg = Debug|Any CPU
		{4F0A74F2-54BE-4747-8EDB-562ABB6E0B64}.Release|Any CPU.ActiveCfg = Release|Any CPU
		{4F0A74F2-54BE-4747-8EDB-562ABB6E0B64}.Release|Any CPU.Build.0 = Release|Any CPU
		{4F0A74F2-54BE-4747-8EDB-562ABB6E0B64}.Release|ARM.ActiveCfg = Release|Any CPU
		{4F0A74F2-54BE-4747-8EDB-562ABB6E0B64}.Release|x64.ActiveCfg = Release|Any CPU
		{4F0A74F2-54BE-4747-8EDB-562ABB6E0B64}.Release|x86.ActiveCfg = Release|Any CPU
		{3B2362AC-B75C-4EE5-9AB8-EDC3F5419970}.Debug|Any CPU.ActiveCfg = Debug|Any CPU
		{3B2362AC-B75C-4EE5-9AB8-EDC3F5419970}.Debug|Any CPU.Build.0 = Debug|Any CPU
		{3B2362AC-B75C-4EE5-9AB8-EDC3F5419970}.Debug|ARM.ActiveCfg = Debug|Any CPU
		{3B2362AC-B75C-4EE5-9AB8-EDC3F5419970}.Debug|x64.ActiveCfg = Debug|Any CPU
		{3B2362AC-B75C-4EE5-9AB8-EDC3F5419970}.Debug|x86.ActiveCfg = Debug|Any CPU
		{3B2362AC-B75C-4EE5-9AB8-EDC3F5419970}.Release|Any CPU.ActiveCfg = Release|Any CPU
		{3B2362AC-B75C-4EE5-9AB8-EDC3F5419970}.Release|Any CPU.Build.0 = Release|Any CPU
		{3B2362AC-B75C-4EE5-9AB8-EDC3F5419970}.Release|ARM.ActiveCfg = Release|Any CPU
		{3B2362AC-B75C-4EE5-9AB8-EDC3F5419970}.Release|x64.ActiveCfg = Release|Any CPU
		{3B2362AC-B75C-4EE5-9AB8-EDC3F5419970}.Release|x86.ActiveCfg = Release|Any CPU
		{A828E1D0-2D2C-45F7-B4E7-D466BA4156B6}.Debug|Any CPU.ActiveCfg = Debug|Any CPU
		{A828E1D0-2D2C-45F7-B4E7-D466BA4156B6}.Debug|Any CPU.Build.0 = Debug|Any CPU
		{A828E1D0-2D2C-45F7-B4E7-D466BA4156B6}.Debug|ARM.ActiveCfg = Debug|Any CPU
		{A828E1D0-2D2C-45F7-B4E7-D466BA4156B6}.Debug|x64.ActiveCfg = Debug|Any CPU
		{A828E1D0-2D2C-45F7-B4E7-D466BA4156B6}.Debug|x86.ActiveCfg = Debug|Any CPU
		{A828E1D0-2D2C-45F7-B4E7-D466BA4156B6}.Release|Any CPU.ActiveCfg = Release|Any CPU
		{A828E1D0-2D2C-45F7-B4E7-D466BA4156B6}.Release|Any CPU.Build.0 = Release|Any CPU
		{A828E1D0-2D2C-45F7-B4E7-D466BA4156B6}.Release|ARM.ActiveCfg = Release|Any CPU
		{A828E1D0-2D2C-45F7-B4E7-D466BA4156B6}.Release|x64.ActiveCfg = Release|Any CPU
		{A828E1D0-2D2C-45F7-B4E7-D466BA4156B6}.Release|x86.ActiveCfg = Release|Any CPU
		{8A463FA0-DAAF-483C-813E-AE9C6153CBF7}.Debug|Any CPU.ActiveCfg = Debug|Any CPU
		{8A463FA0-DAAF-483C-813E-AE9C6153CBF7}.Debug|Any CPU.Build.0 = Debug|Any CPU
		{8A463FA0-DAAF-483C-813E-AE9C6153CBF7}.Debug|ARM.ActiveCfg = Debug|Any CPU
		{8A463FA0-DAAF-483C-813E-AE9C6153CBF7}.Debug|x64.ActiveCfg = Debug|Any CPU
		{8A463FA0-DAAF-483C-813E-AE9C6153CBF7}.Debug|x86.ActiveCfg = Debug|Any CPU
		{8A463FA0-DAAF-483C-813E-AE9C6153CBF7}.Release|Any CPU.ActiveCfg = Release|Any CPU
		{8A463FA0-DAAF-483C-813E-AE9C6153CBF7}.Release|Any CPU.Build.0 = Release|Any CPU
		{8A463FA0-DAAF-483C-813E-AE9C6153CBF7}.Release|ARM.ActiveCfg = Release|Any CPU
		{8A463FA0-DAAF-483C-813E-AE9C6153CBF7}.Release|x64.ActiveCfg = Release|Any CPU
		{8A463FA0-DAAF-483C-813E-AE9C6153CBF7}.Release|x86.ActiveCfg = Release|Any CPU
	EndGlobalSection
	GlobalSection(SolutionProperties) = preSolution
		HideSolutionNode = FALSE
	EndGlobalSection
EndGlobal
