
Microsoft Visual Studio Solution File, Format Version 12.00
# Visual Studio 15
VisualStudioVersion = 15.0.26403.3
MinimumVisualStudioVersion = 10.0.40219.1
Project("{9A19103F-16F7-4668-BE54-9A1E7A4F7556}") = "NJsonSchema", "NJsonSchema\NJsonSchema.csproj", "{7B7A2E32-E808-4A19-98B1-37E766580F8C}"
EndProject
Project("{9A19103F-16F7-4668-BE54-9A1E7A4F7556}") = "NJsonSchema.Tests", "NJsonSchema.Tests\NJsonSchema.Tests.csproj", "{4F0A74F2-54BE-4747-8EDB-562ABB6E0B64}"
EndProject
Project("{FAE04EC0-301F-11D3-BF4B-00C04F79EFBC}") = "NJsonSchema.Demo", "NJsonSchema.Demo\NJsonSchema.Demo.csproj", "{3B2362AC-B75C-4EE5-9AB8-EDC3F5419970}"
EndProject
Project("{9A19103F-16F7-4668-BE54-9A1E7A4F7556}") = "NJsonSchema.CodeGeneration", "NJsonSchema.CodeGeneration\NJsonSchema.CodeGeneration.csproj", "{8A463FA0-DAAF-483C-813E-AE9C6153CBF7}"
EndProject
Project("{9A19103F-16F7-4668-BE54-9A1E7A4F7556}") = "NJsonSchema.CodeGeneration.CSharp", "NJsonSchema.CodeGeneration.CSharp\NJsonSchema.CodeGeneration.CSharp.csproj", "{546CF985-2029-4CBB-8F7D-303C037EB293}"
EndProject
Project("{9A19103F-16F7-4668-BE54-9A1E7A4F7556}") = "NJsonSchema.CodeGeneration.TypeScript", "NJsonSchema.CodeGeneration.TypeScript\NJsonSchema.CodeGeneration.TypeScript.csproj", "{3D8BA0A7-65AF-4328-82DC-8C131D9A9EA8}"
EndProject
Project("{2150E333-8FDC-42A3-9474-1A3956D46DE8}") = "Tests", "Tests", "{785552E3-F3BB-4AEB-B5CF-819AE38AEA8F}"
EndProject
Project("{9A19103F-16F7-4668-BE54-9A1E7A4F7556}") = "NJsonSchema.CodeGeneration.CSharp.Tests", "NJsonSchema.CodeGeneration.CSharp.Tests\NJsonSchema.CodeGeneration.CSharp.Tests.csproj", "{0873FE5E-4A46-48B5-A171-AC629EC7C263}"
EndProject
Project("{9A19103F-16F7-4668-BE54-9A1E7A4F7556}") = "NJsonSchema.CodeGeneration.Tests", "NJsonSchema.CodeGeneration.Tests\NJsonSchema.CodeGeneration.Tests.csproj", "{974ED050-4A34-4513-8048-139B1AF1A95D}"
EndProject
Project("{9A19103F-16F7-4668-BE54-9A1E7A4F7556}") = "NJsonSchema.CodeGeneration.TypeScript.Tests", "NJsonSchema.CodeGeneration.TypeScript.Tests\NJsonSchema.CodeGeneration.TypeScript.Tests.csproj", "{E767A007-6007-4898-B80A-FE4ACBF2C588}"
EndProject
Project("{9A19103F-16F7-4668-BE54-9A1E7A4F7556}") = "NJsonSchema.Yaml", "NJsonSchema.Yaml\NJsonSchema.Yaml.csproj", "{9EAB6FAB-10AC-4AB2-BA5B-103CE6A17E88}"
EndProject
Project("{9A19103F-16F7-4668-BE54-9A1E7A4F7556}") = "NJsonSchema.Demo.Performance", "NJsonSchema.Demo.Performance\NJsonSchema.Demo.Performance.csproj", "{75B834E0-1F0D-4BC2-911D-5CF079BCE73B}"
EndProject
Project("{9A19103F-16F7-4668-BE54-9A1E7A4F7556}") = "NJsonSchema.Benchmark", "NJsonSchema.Benchmark\NJsonSchema.Benchmark.csproj", "{E59CE32B-181F-4AAE-BF62-772AEEFC3177}"
EndProject
Project("{9A19103F-16F7-4668-BE54-9A1E7A4F7556}") = "NJsonSchema.Yaml.Tests", "NJsonSchema.Yaml.Tests\NJsonSchema.Yaml.Tests.csproj", "{990EF464-C967-4E08-8C3D-0568A47B6D2A}"
EndProject
Global
	GlobalSection(SolutionConfigurationPlatforms) = preSolution
		Debug|Any CPU = Debug|Any CPU
		Debug|ARM = Debug|ARM
		Debug|x64 = Debug|x64
		Debug|x86 = Debug|x86
		Release|Any CPU = Release|Any CPU
		Release|ARM = Release|ARM
		Release|x64 = Release|x64
		Release|x86 = Release|x86
	EndGlobalSection
	GlobalSection(ProjectConfigurationPlatforms) = postSolution
		{7B7A2E32-E808-4A19-98B1-37E766580F8C}.Debug|Any CPU.ActiveCfg = Debug|Any CPU
		{7B7A2E32-E808-4A19-98B1-37E766580F8C}.Debug|Any CPU.Build.0 = Debug|Any CPU
		{7B7A2E32-E808-4A19-98B1-37E766580F8C}.Debug|ARM.ActiveCfg = Debug|Any CPU
		{7B7A2E32-E808-4A19-98B1-37E766580F8C}.Debug|x64.ActiveCfg = Debug|Any CPU
		{7B7A2E32-E808-4A19-98B1-37E766580F8C}.Debug|x86.ActiveCfg = Debug|Any CPU
		{7B7A2E32-E808-4A19-98B1-37E766580F8C}.Release|Any CPU.ActiveCfg = Release|Any CPU
		{7B7A2E32-E808-4A19-98B1-37E766580F8C}.Release|Any CPU.Build.0 = Release|Any CPU
		{7B7A2E32-E808-4A19-98B1-37E766580F8C}.Release|ARM.ActiveCfg = Release|Any CPU
		{7B7A2E32-E808-4A19-98B1-37E766580F8C}.Release|x64.ActiveCfg = Release|Any CPU
		{7B7A2E32-E808-4A19-98B1-37E766580F8C}.Release|x86.ActiveCfg = Release|Any CPU
		{4F0A74F2-54BE-4747-8EDB-562ABB6E0B64}.Debug|Any CPU.ActiveCfg = Debug|Any CPU
		{4F0A74F2-54BE-4747-8EDB-562ABB6E0B64}.Debug|Any CPU.Build.0 = Debug|Any CPU
		{4F0A74F2-54BE-4747-8EDB-562ABB6E0B64}.Debug|ARM.ActiveCfg = Debug|Any CPU
		{4F0A74F2-54BE-4747-8EDB-562ABB6E0B64}.Debug|x64.ActiveCfg = Debug|Any CPU
		{4F0A74F2-54BE-4747-8EDB-562ABB6E0B64}.Debug|x86.ActiveCfg = Debug|Any CPU
		{4F0A74F2-54BE-4747-8EDB-562ABB6E0B64}.Release|Any CPU.ActiveCfg = Release|Any CPU
		{4F0A74F2-54BE-4747-8EDB-562ABB6E0B64}.Release|Any CPU.Build.0 = Release|Any CPU
		{4F0A74F2-54BE-4747-8EDB-562ABB6E0B64}.Release|ARM.ActiveCfg = Release|Any CPU
		{4F0A74F2-54BE-4747-8EDB-562ABB6E0B64}.Release|x64.ActiveCfg = Release|Any CPU
		{4F0A74F2-54BE-4747-8EDB-562ABB6E0B64}.Release|x86.ActiveCfg = Release|Any CPU
		{3B2362AC-B75C-4EE5-9AB8-EDC3F5419970}.Debug|Any CPU.ActiveCfg = Debug|Any CPU
		{3B2362AC-B75C-4EE5-9AB8-EDC3F5419970}.Debug|Any CPU.Build.0 = Debug|Any CPU
		{3B2362AC-B75C-4EE5-9AB8-EDC3F5419970}.Debug|ARM.ActiveCfg = Debug|Any CPU
		{3B2362AC-B75C-4EE5-9AB8-EDC3F5419970}.Debug|x64.ActiveCfg = Debug|Any CPU
		{3B2362AC-B75C-4EE5-9AB8-EDC3F5419970}.Debug|x86.ActiveCfg = Debug|Any CPU
		{3B2362AC-B75C-4EE5-9AB8-EDC3F5419970}.Release|Any CPU.ActiveCfg = Release|Any CPU
		{3B2362AC-B75C-4EE5-9AB8-EDC3F5419970}.Release|Any CPU.Build.0 = Release|Any CPU
		{3B2362AC-B75C-4EE5-9AB8-EDC3F5419970}.Release|ARM.ActiveCfg = Release|Any CPU
		{3B2362AC-B75C-4EE5-9AB8-EDC3F5419970}.Release|x64.ActiveCfg = Release|Any CPU
		{3B2362AC-B75C-4EE5-9AB8-EDC3F5419970}.Release|x86.ActiveCfg = Release|Any CPU
		{8A463FA0-DAAF-483C-813E-AE9C6153CBF7}.Debug|Any CPU.ActiveCfg = Debug|Any CPU
		{8A463FA0-DAAF-483C-813E-AE9C6153CBF7}.Debug|Any CPU.Build.0 = Debug|Any CPU
		{8A463FA0-DAAF-483C-813E-AE9C6153CBF7}.Debug|ARM.ActiveCfg = Debug|Any CPU
		{8A463FA0-DAAF-483C-813E-AE9C6153CBF7}.Debug|x64.ActiveCfg = Debug|Any CPU
		{8A463FA0-DAAF-483C-813E-AE9C6153CBF7}.Debug|x86.ActiveCfg = Debug|Any CPU
		{8A463FA0-DAAF-483C-813E-AE9C6153CBF7}.Release|Any CPU.ActiveCfg = Release|Any CPU
		{8A463FA0-DAAF-483C-813E-AE9C6153CBF7}.Release|Any CPU.Build.0 = Release|Any CPU
		{8A463FA0-DAAF-483C-813E-AE9C6153CBF7}.Release|ARM.ActiveCfg = Release|Any CPU
		{8A463FA0-DAAF-483C-813E-AE9C6153CBF7}.Release|x64.ActiveCfg = Release|Any CPU
		{8A463FA0-DAAF-483C-813E-AE9C6153CBF7}.Release|x86.ActiveCfg = Release|Any CPU
		{546CF985-2029-4CBB-8F7D-303C037EB293}.Debug|Any CPU.ActiveCfg = Debug|Any CPU
		{546CF985-2029-4CBB-8F7D-303C037EB293}.Debug|Any CPU.Build.0 = Debug|Any CPU
		{546CF985-2029-4CBB-8F7D-303C037EB293}.Debug|ARM.ActiveCfg = Debug|Any CPU
		{546CF985-2029-4CBB-8F7D-303C037EB293}.Debug|ARM.Build.0 = Debug|Any CPU
		{546CF985-2029-4CBB-8F7D-303C037EB293}.Debug|x64.ActiveCfg = Debug|Any CPU
		{546CF985-2029-4CBB-8F7D-303C037EB293}.Debug|x64.Build.0 = Debug|Any CPU
		{546CF985-2029-4CBB-8F7D-303C037EB293}.Debug|x86.ActiveCfg = Debug|Any CPU
		{546CF985-2029-4CBB-8F7D-303C037EB293}.Debug|x86.Build.0 = Debug|Any CPU
		{546CF985-2029-4CBB-8F7D-303C037EB293}.Release|Any CPU.ActiveCfg = Release|Any CPU
		{546CF985-2029-4CBB-8F7D-303C037EB293}.Release|Any CPU.Build.0 = Release|Any CPU
		{546CF985-2029-4CBB-8F7D-303C037EB293}.Release|ARM.ActiveCfg = Release|Any CPU
		{546CF985-2029-4CBB-8F7D-303C037EB293}.Release|ARM.Build.0 = Release|Any CPU
		{546CF985-2029-4CBB-8F7D-303C037EB293}.Release|x64.ActiveCfg = Release|Any CPU
		{546CF985-2029-4CBB-8F7D-303C037EB293}.Release|x64.Build.0 = Release|Any CPU
		{546CF985-2029-4CBB-8F7D-303C037EB293}.Release|x86.ActiveCfg = Release|Any CPU
		{546CF985-2029-4CBB-8F7D-303C037EB293}.Release|x86.Build.0 = Release|Any CPU
		{3D8BA0A7-65AF-4328-82DC-8C131D9A9EA8}.Debug|Any CPU.ActiveCfg = Debug|Any CPU
		{3D8BA0A7-65AF-4328-82DC-8C131D9A9EA8}.Debug|Any CPU.Build.0 = Debug|Any CPU
		{3D8BA0A7-65AF-4328-82DC-8C131D9A9EA8}.Debug|ARM.ActiveCfg = Debug|Any CPU
		{3D8BA0A7-65AF-4328-82DC-8C131D9A9EA8}.Debug|ARM.Build.0 = Debug|Any CPU
		{3D8BA0A7-65AF-4328-82DC-8C131D9A9EA8}.Debug|x64.ActiveCfg = Debug|Any CPU
		{3D8BA0A7-65AF-4328-82DC-8C131D9A9EA8}.Debug|x64.Build.0 = Debug|Any CPU
		{3D8BA0A7-65AF-4328-82DC-8C131D9A9EA8}.Debug|x86.ActiveCfg = Debug|Any CPU
		{3D8BA0A7-65AF-4328-82DC-8C131D9A9EA8}.Debug|x86.Build.0 = Debug|Any CPU
		{3D8BA0A7-65AF-4328-82DC-8C131D9A9EA8}.Release|Any CPU.ActiveCfg = Release|Any CPU
		{3D8BA0A7-65AF-4328-82DC-8C131D9A9EA8}.Release|Any CPU.Build.0 = Release|Any CPU
		{3D8BA0A7-65AF-4328-82DC-8C131D9A9EA8}.Release|ARM.ActiveCfg = Release|Any CPU
		{3D8BA0A7-65AF-4328-82DC-8C131D9A9EA8}.Release|ARM.Build.0 = Release|Any CPU
		{3D8BA0A7-65AF-4328-82DC-8C131D9A9EA8}.Release|x64.ActiveCfg = Release|Any CPU
		{3D8BA0A7-65AF-4328-82DC-8C131D9A9EA8}.Release|x64.Build.0 = Release|Any CPU
		{3D8BA0A7-65AF-4328-82DC-8C131D9A9EA8}.Release|x86.ActiveCfg = Release|Any CPU
		{3D8BA0A7-65AF-4328-82DC-8C131D9A9EA8}.Release|x86.Build.0 = Release|Any CPU
		{0873FE5E-4A46-48B5-A171-AC629EC7C263}.Debug|Any CPU.ActiveCfg = Debug|Any CPU
		{0873FE5E-4A46-48B5-A171-AC629EC7C263}.Debug|Any CPU.Build.0 = Debug|Any CPU
		{0873FE5E-4A46-48B5-A171-AC629EC7C263}.Debug|ARM.ActiveCfg = Debug|Any CPU
		{0873FE5E-4A46-48B5-A171-AC629EC7C263}.Debug|ARM.Build.0 = Debug|Any CPU
		{0873FE5E-4A46-48B5-A171-AC629EC7C263}.Debug|x64.ActiveCfg = Debug|Any CPU
		{0873FE5E-4A46-48B5-A171-AC629EC7C263}.Debug|x64.Build.0 = Debug|Any CPU
		{0873FE5E-4A46-48B5-A171-AC629EC7C263}.Debug|x86.ActiveCfg = Debug|Any CPU
		{0873FE5E-4A46-48B5-A171-AC629EC7C263}.Debug|x86.Build.0 = Debug|Any CPU
		{0873FE5E-4A46-48B5-A171-AC629EC7C263}.Release|Any CPU.ActiveCfg = Release|Any CPU
		{0873FE5E-4A46-48B5-A171-AC629EC7C263}.Release|Any CPU.Build.0 = Release|Any CPU
		{0873FE5E-4A46-48B5-A171-AC629EC7C263}.Release|ARM.ActiveCfg = Release|Any CPU
		{0873FE5E-4A46-48B5-A171-AC629EC7C263}.Release|ARM.Build.0 = Release|Any CPU
		{0873FE5E-4A46-48B5-A171-AC629EC7C263}.Release|x64.ActiveCfg = Release|Any CPU
		{0873FE5E-4A46-48B5-A171-AC629EC7C263}.Release|x64.Build.0 = Release|Any CPU
		{0873FE5E-4A46-48B5-A171-AC629EC7C263}.Release|x86.ActiveCfg = Release|Any CPU
		{0873FE5E-4A46-48B5-A171-AC629EC7C263}.Release|x86.Build.0 = Release|Any CPU
		{974ED050-4A34-4513-8048-139B1AF1A95D}.Debug|Any CPU.ActiveCfg = Debug|Any CPU
		{974ED050-4A34-4513-8048-139B1AF1A95D}.Debug|Any CPU.Build.0 = Debug|Any CPU
		{974ED050-4A34-4513-8048-139B1AF1A95D}.Debug|ARM.ActiveCfg = Debug|Any CPU
		{974ED050-4A34-4513-8048-139B1AF1A95D}.Debug|ARM.Build.0 = Debug|Any CPU
		{974ED050-4A34-4513-8048-139B1AF1A95D}.Debug|x64.ActiveCfg = Debug|Any CPU
		{974ED050-4A34-4513-8048-139B1AF1A95D}.Debug|x64.Build.0 = Debug|Any CPU
		{974ED050-4A34-4513-8048-139B1AF1A95D}.Debug|x86.ActiveCfg = Debug|Any CPU
		{974ED050-4A34-4513-8048-139B1AF1A95D}.Debug|x86.Build.0 = Debug|Any CPU
		{974ED050-4A34-4513-8048-139B1AF1A95D}.Release|Any CPU.ActiveCfg = Release|Any CPU
		{974ED050-4A34-4513-8048-139B1AF1A95D}.Release|Any CPU.Build.0 = Release|Any CPU
		{974ED050-4A34-4513-8048-139B1AF1A95D}.Release|ARM.ActiveCfg = Release|Any CPU
		{974ED050-4A34-4513-8048-139B1AF1A95D}.Release|ARM.Build.0 = Release|Any CPU
		{974ED050-4A34-4513-8048-139B1AF1A95D}.Release|x64.ActiveCfg = Release|Any CPU
		{974ED050-4A34-4513-8048-139B1AF1A95D}.Release|x64.Build.0 = Release|Any CPU
		{974ED050-4A34-4513-8048-139B1AF1A95D}.Release|x86.ActiveCfg = Release|Any CPU
		{974ED050-4A34-4513-8048-139B1AF1A95D}.Release|x86.Build.0 = Release|Any CPU
		{E767A007-6007-4898-B80A-FE4ACBF2C588}.Debug|Any CPU.ActiveCfg = Debug|Any CPU
		{E767A007-6007-4898-B80A-FE4ACBF2C588}.Debug|Any CPU.Build.0 = Debug|Any CPU
		{E767A007-6007-4898-B80A-FE4ACBF2C588}.Debug|ARM.ActiveCfg = Debug|Any CPU
		{E767A007-6007-4898-B80A-FE4ACBF2C588}.Debug|ARM.Build.0 = Debug|Any CPU
		{E767A007-6007-4898-B80A-FE4ACBF2C588}.Debug|x64.ActiveCfg = Debug|Any CPU
		{E767A007-6007-4898-B80A-FE4ACBF2C588}.Debug|x64.Build.0 = Debug|Any CPU
		{E767A007-6007-4898-B80A-FE4ACBF2C588}.Debug|x86.ActiveCfg = Debug|Any CPU
		{E767A007-6007-4898-B80A-FE4ACBF2C588}.Debug|x86.Build.0 = Debug|Any CPU
		{E767A007-6007-4898-B80A-FE4ACBF2C588}.Release|Any CPU.ActiveCfg = Release|Any CPU
		{E767A007-6007-4898-B80A-FE4ACBF2C588}.Release|Any CPU.Build.0 = Release|Any CPU
		{E767A007-6007-4898-B80A-FE4ACBF2C588}.Release|ARM.ActiveCfg = Release|Any CPU
		{E767A007-6007-4898-B80A-FE4ACBF2C588}.Release|ARM.Build.0 = Release|Any CPU
		{E767A007-6007-4898-B80A-FE4ACBF2C588}.Release|x64.ActiveCfg = Release|Any CPU
		{E767A007-6007-4898-B80A-FE4ACBF2C588}.Release|x64.Build.0 = Release|Any CPU
		{E767A007-6007-4898-B80A-FE4ACBF2C588}.Release|x86.ActiveCfg = Release|Any CPU
		{E767A007-6007-4898-B80A-FE4ACBF2C588}.Release|x86.Build.0 = Release|Any CPU
		{9EAB6FAB-10AC-4AB2-BA5B-103CE6A17E88}.Debug|Any CPU.ActiveCfg = Debug|Any CPU
		{9EAB6FAB-10AC-4AB2-BA5B-103CE6A17E88}.Debug|Any CPU.Build.0 = Debug|Any CPU
		{9EAB6FAB-10AC-4AB2-BA5B-103CE6A17E88}.Debug|ARM.ActiveCfg = Debug|Any CPU
		{9EAB6FAB-10AC-4AB2-BA5B-103CE6A17E88}.Debug|ARM.Build.0 = Debug|Any CPU
		{9EAB6FAB-10AC-4AB2-BA5B-103CE6A17E88}.Debug|x64.ActiveCfg = Debug|Any CPU
		{9EAB6FAB-10AC-4AB2-BA5B-103CE6A17E88}.Debug|x64.Build.0 = Debug|Any CPU
		{9EAB6FAB-10AC-4AB2-BA5B-103CE6A17E88}.Debug|x86.ActiveCfg = Debug|Any CPU
		{9EAB6FAB-10AC-4AB2-BA5B-103CE6A17E88}.Debug|x86.Build.0 = Debug|Any CPU
		{9EAB6FAB-10AC-4AB2-BA5B-103CE6A17E88}.Release|Any CPU.ActiveCfg = Release|Any CPU
		{9EAB6FAB-10AC-4AB2-BA5B-103CE6A17E88}.Release|Any CPU.Build.0 = Release|Any CPU
		{9EAB6FAB-10AC-4AB2-BA5B-103CE6A17E88}.Release|ARM.ActiveCfg = Release|Any CPU
		{9EAB6FAB-10AC-4AB2-BA5B-103CE6A17E88}.Release|ARM.Build.0 = Release|Any CPU
		{9EAB6FAB-10AC-4AB2-BA5B-103CE6A17E88}.Release|x64.ActiveCfg = Release|Any CPU
		{9EAB6FAB-10AC-4AB2-BA5B-103CE6A17E88}.Release|x64.Build.0 = Release|Any CPU
		{9EAB6FAB-10AC-4AB2-BA5B-103CE6A17E88}.Release|x86.ActiveCfg = Release|Any CPU
		{9EAB6FAB-10AC-4AB2-BA5B-103CE6A17E88}.Release|x86.Build.0 = Release|Any CPU
		{75B834E0-1F0D-4BC2-911D-5CF079BCE73B}.Debug|Any CPU.ActiveCfg = Debug|Any CPU
		{75B834E0-1F0D-4BC2-911D-5CF079BCE73B}.Debug|Any CPU.Build.0 = Debug|Any CPU
		{75B834E0-1F0D-4BC2-911D-5CF079BCE73B}.Debug|ARM.ActiveCfg = Debug|Any CPU
		{75B834E0-1F0D-4BC2-911D-5CF079BCE73B}.Debug|ARM.Build.0 = Debug|Any CPU
		{75B834E0-1F0D-4BC2-911D-5CF079BCE73B}.Debug|x64.ActiveCfg = Debug|Any CPU
		{75B834E0-1F0D-4BC2-911D-5CF079BCE73B}.Debug|x64.Build.0 = Debug|Any CPU
		{75B834E0-1F0D-4BC2-911D-5CF079BCE73B}.Debug|x86.ActiveCfg = Debug|Any CPU
		{75B834E0-1F0D-4BC2-911D-5CF079BCE73B}.Debug|x86.Build.0 = Debug|Any CPU
		{75B834E0-1F0D-4BC2-911D-5CF079BCE73B}.Release|Any CPU.ActiveCfg = Release|Any CPU
		{75B834E0-1F0D-4BC2-911D-5CF079BCE73B}.Release|Any CPU.Build.0 = Release|Any CPU
		{75B834E0-1F0D-4BC2-911D-5CF079BCE73B}.Release|ARM.ActiveCfg = Release|Any CPU
		{75B834E0-1F0D-4BC2-911D-5CF079BCE73B}.Release|ARM.Build.0 = Release|Any CPU
		{75B834E0-1F0D-4BC2-911D-5CF079BCE73B}.Release|x64.ActiveCfg = Release|Any CPU
		{75B834E0-1F0D-4BC2-911D-5CF079BCE73B}.Release|x64.Build.0 = Release|Any CPU
		{75B834E0-1F0D-4BC2-911D-5CF079BCE73B}.Release|x86.ActiveCfg = Release|Any CPU
		{75B834E0-1F0D-4BC2-911D-5CF079BCE73B}.Release|x86.Build.0 = Release|Any CPU
		{E59CE32B-181F-4AAE-BF62-772AEEFC3177}.Debug|Any CPU.ActiveCfg = Debug|Any CPU
		{E59CE32B-181F-4AAE-BF62-772AEEFC3177}.Debug|Any CPU.Build.0 = Debug|Any CPU
		{E59CE32B-181F-4AAE-BF62-772AEEFC3177}.Debug|ARM.ActiveCfg = Debug|Any CPU
		{E59CE32B-181F-4AAE-BF62-772AEEFC3177}.Debug|ARM.Build.0 = Debug|Any CPU
		{E59CE32B-181F-4AAE-BF62-772AEEFC3177}.Debug|x64.ActiveCfg = Debug|Any CPU
		{E59CE32B-181F-4AAE-BF62-772AEEFC3177}.Debug|x64.Build.0 = Debug|Any CPU
		{E59CE32B-181F-4AAE-BF62-772AEEFC3177}.Debug|x86.ActiveCfg = Debug|Any CPU
		{E59CE32B-181F-4AAE-BF62-772AEEFC3177}.Debug|x86.Build.0 = Debug|Any CPU
		{E59CE32B-181F-4AAE-BF62-772AEEFC3177}.Release|Any CPU.ActiveCfg = Release|Any CPU
		{E59CE32B-181F-4AAE-BF62-772AEEFC3177}.Release|Any CPU.Build.0 = Release|Any CPU
		{E59CE32B-181F-4AAE-BF62-772AEEFC3177}.Release|ARM.ActiveCfg = Release|Any CPU
		{E59CE32B-181F-4AAE-BF62-772AEEFC3177}.Release|ARM.Build.0 = Release|Any CPU
		{E59CE32B-181F-4AAE-BF62-772AEEFC3177}.Release|x64.ActiveCfg = Release|Any CPU
		{E59CE32B-181F-4AAE-BF62-772AEEFC3177}.Release|x64.Build.0 = Release|Any CPU
		{E59CE32B-181F-4AAE-BF62-772AEEFC3177}.Release|x86.ActiveCfg = Release|Any CPU
		{E59CE32B-181F-4AAE-BF62-772AEEFC3177}.Release|x86.Build.0 = Release|Any CPU
		{990EF464-C967-4E08-8C3D-0568A47B6D2A}.Debug|Any CPU.ActiveCfg = Debug|Any CPU
		{990EF464-C967-4E08-8C3D-0568A47B6D2A}.Debug|Any CPU.Build.0 = Debug|Any CPU
		{990EF464-C967-4E08-8C3D-0568A47B6D2A}.Debug|ARM.ActiveCfg = Debug|Any CPU
		{990EF464-C967-4E08-8C3D-0568A47B6D2A}.Debug|ARM.Build.0 = Debug|Any CPU
		{990EF464-C967-4E08-8C3D-0568A47B6D2A}.Debug|x64.ActiveCfg = Debug|Any CPU
		{990EF464-C967-4E08-8C3D-0568A47B6D2A}.Debug|x64.Build.0 = Debug|Any CPU
		{990EF464-C967-4E08-8C3D-0568A47B6D2A}.Debug|x86.ActiveCfg = Debug|Any CPU
		{990EF464-C967-4E08-8C3D-0568A47B6D2A}.Debug|x86.Build.0 = Debug|Any CPU
		{990EF464-C967-4E08-8C3D-0568A47B6D2A}.Release|Any CPU.ActiveCfg = Release|Any CPU
		{990EF464-C967-4E08-8C3D-0568A47B6D2A}.Release|Any CPU.Build.0 = Release|Any CPU
		{990EF464-C967-4E08-8C3D-0568A47B6D2A}.Release|ARM.ActiveCfg = Release|Any CPU
		{990EF464-C967-4E08-8C3D-0568A47B6D2A}.Release|ARM.Build.0 = Release|Any CPU
		{990EF464-C967-4E08-8C3D-0568A47B6D2A}.Release|x64.ActiveCfg = Release|Any CPU
		{990EF464-C967-4E08-8C3D-0568A47B6D2A}.Release|x64.Build.0 = Release|Any CPU
		{990EF464-C967-4E08-8C3D-0568A47B6D2A}.Release|x86.ActiveCfg = Release|Any CPU
		{990EF464-C967-4E08-8C3D-0568A47B6D2A}.Release|x86.Build.0 = Release|Any CPU
	EndGlobalSection
	GlobalSection(SolutionProperties) = preSolution
		HideSolutionNode = FALSE
	EndGlobalSection
	GlobalSection(NestedProjects) = preSolution
		{4F0A74F2-54BE-4747-8EDB-562ABB6E0B64} = {785552E3-F3BB-4AEB-B5CF-819AE38AEA8F}
		{3B2362AC-B75C-4EE5-9AB8-EDC3F5419970} = {785552E3-F3BB-4AEB-B5CF-819AE38AEA8F}
		{0873FE5E-4A46-48B5-A171-AC629EC7C263} = {785552E3-F3BB-4AEB-B5CF-819AE38AEA8F}
		{974ED050-4A34-4513-8048-139B1AF1A95D} = {785552E3-F3BB-4AEB-B5CF-819AE38AEA8F}
		{E767A007-6007-4898-B80A-FE4ACBF2C588} = {785552E3-F3BB-4AEB-B5CF-819AE38AEA8F}
		{75B834E0-1F0D-4BC2-911D-5CF079BCE73B} = {785552E3-F3BB-4AEB-B5CF-819AE38AEA8F}
		{E59CE32B-181F-4AAE-BF62-772AEEFC3177} = {785552E3-F3BB-4AEB-B5CF-819AE38AEA8F}
		{990EF464-C967-4E08-8C3D-0568A47B6D2A} = {785552E3-F3BB-4AEB-B5CF-819AE38AEA8F}
	EndGlobalSection
	GlobalSection(ExtensibilityGlobals) = postSolution
		SolutionGuid = {9D5EDC80-5611-493B-804B-8B364816952B}
	EndGlobalSection
EndGlobal
