
Microsoft Visual Studio Solution File, Format Version 12.00
# Visual Studio 15
VisualStudioVersion = 15.0.27004.2002
MinimumVisualStudioVersion = 10.0.40219.1
Project("{9A19103F-16F7-4668-BE54-9A1E7A4F7556}") = "NJsonSchema", "NJsonSchema\NJsonSchema.csproj", "{7B7A2E32-E808-4A19-98B1-37E766580F8C}"
EndProject
Global
	GlobalSection(SolutionConfigurationPlatforms) = preSolution
		Debug|Any CPU = Debug|Any CPU
		Debug|ARM = Debug|ARM
		Debug|x64 = Debug|x64
		Debug|x86 = Debug|x86
		Release|Any CPU = Release|Any CPU
		Release|ARM = Release|ARM
		Release|x64 = Release|x64
		Release|x86 = Release|x86
	EndGlobalSection
	GlobalSection(ProjectConfigurationPlatforms) = postSolution
		{7B7A2E32-E808-4A19-98B1-37E766580F8C}.Debug|Any CPU.ActiveCfg = Debug|Any CPU
		{7B7A2E32-E808-4A19-98B1-37E766580F8C}.Debug|Any CPU.Build.0 = Debug|Any CPU
		{7B7A2E32-E808-4A19-98B1-37E766580F8C}.Debug|ARM.ActiveCfg = Debug|Any CPU
		{7B7A2E32-E808-4A19-98B1-37E766580F8C}.Debug|x64.ActiveCfg = Debug|Any CPU
		{7B7A2E32-E808-4A19-98B1-37E766580F8C}.Debug|x86.ActiveCfg = Debug|Any CPU
		{7B7A2E32-E808-4A19-98B1-37E766580F8C}.Release|Any CPU.ActiveCfg = Release|Any CPU
		{7B7A2E32-E808-4A19-98B1-37E766580F8C}.Release|Any CPU.Build.0 = Release|Any CPU
		{7B7A2E32-E808-4A19-98B1-37E766580F8C}.Release|ARM.ActiveCfg = Release|Any CPU
		{7B7A2E32-E808-4A19-98B1-37E766580F8C}.Release|x64.ActiveCfg = Release|Any CPU
		{7B7A2E32-E808-4A19-98B1-37E766580F8C}.Release|x86.ActiveCfg = Release|Any CPU
	EndGlobalSection
	GlobalSection(SolutionProperties) = preSolution
		HideSolutionNode = FALSE
	EndGlobalSection
	GlobalSection(ExtensibilityGlobals) = postSolution
		SolutionGuid = {9D5EDC80-5611-493B-804B-8B364816952B}
	EndGlobalSection
EndGlobal
